
Microsoft Visual Studio Solution File, Format Version 12.00
# Visual Studio 15
VisualStudioVersion = 15.0.27428.2037
MinimumVisualStudioVersion = 10.0.40219.1
Project("{9A19103F-16F7-4668-BE54-9A1E7A4F7556}") = "TravelAgency", "Resebyrå\TravelAgency.csproj", "{AABF7317-4EF1-4B63-9622-A7FCFA4661A0}"
EndProject
Project("{9A19103F-16F7-4668-BE54-9A1E7A4F7556}") = "Domain", "Domain\Domain.csproj", "{9B15AD2D-4595-43F4-BAD5-DC0C9343F0BE}"
EndProject
Project("{9A19103F-16F7-4668-BE54-9A1E7A4F7556}") = "Data", "Data\Data.csproj", "{4031C244-37F8-471A-918C-DE2EBCEEAF1B}"
EndProject
Global
	GlobalSection(SolutionConfigurationPlatforms) = preSolution
		Debug|Any CPU = Debug|Any CPU
		Release|Any CPU = Release|Any CPU
	EndGlobalSection
	GlobalSection(ProjectConfigurationPlatforms) = postSolution
		{AABF7317-4EF1-4B63-9622-A7FCFA4661A0}.Debug|Any CPU.ActiveCfg = Debug|Any CPU
		{AABF7317-4EF1-4B63-9622-A7FCFA4661A0}.Debug|Any CPU.Build.0 = Debug|Any CPU
		{AABF7317-4EF1-4B63-9622-A7FCFA4661A0}.Release|Any CPU.ActiveCfg = Release|Any CPU
		{AABF7317-4EF1-4B63-9622-A7FCFA4661A0}.Release|Any CPU.Build.0 = Release|Any CPU
		{9B15AD2D-4595-43F4-BAD5-DC0C9343F0BE}.Debug|Any CPU.ActiveCfg = Debug|Any CPU
		{9B15AD2D-4595-43F4-BAD5-DC0C9343F0BE}.Debug|Any CPU.Build.0 = Debug|Any CPU
		{9B15AD2D-4595-43F4-BAD5-DC0C9343F0BE}.Release|Any CPU.ActiveCfg = Release|Any CPU
		{9B15AD2D-4595-43F4-BAD5-DC0C9343F0BE}.Release|Any CPU.Build.0 = Release|Any CPU
		{4031C244-37F8-471A-918C-DE2EBCEEAF1B}.Debug|Any CPU.ActiveCfg = Debug|Any CPU
		{4031C244-37F8-471A-918C-DE2EBCEEAF1B}.Debug|Any CPU.Build.0 = Debug|Any CPU
		{4031C244-37F8-471A-918C-DE2EBCEEAF1B}.Release|Any CPU.ActiveCfg = Release|Any CPU
		{4031C244-37F8-471A-918C-DE2EBCEEAF1B}.Release|Any CPU.Build.0 = Release|Any CPU
	EndGlobalSection
	GlobalSection(SolutionProperties) = preSolution
		HideSolutionNode = FALSE
	EndGlobalSection
	GlobalSection(ExtensibilityGlobals) = postSolution
		SolutionGuid = {F86EE330-BEAD-406A-A554-1094733C0010}
	EndGlobalSection
EndGlobal
